{
  "version": 4,
  "terraform_version": "1.4.6",
  "serial": 8,
  "lineage": "1b332b3b-3896-38fa-4aa6-d267ee1b9c13",
  "outputs": {},
  "resources": [
    {
      "mode": "managed",
      "type": "azurerm_linux_virtual_machine",
      "name": "runners",
      "provider": "provider[\"registry.terraform.io/hashicorp/azurerm\"]",
      "instances": [
        {
          "schema_version": 0,
          "attributes": {
            "additional_capabilities": [],
            "admin_password": null,
            "admin_ssh_key": [
              {
                "public_key": "ssh-rsa AAAAB3NzaC1yc2EAAAADAQABAAABAQDBrZZc85QIOEJMLSSNMmvN0OdU5YlEje67L9FPVTR6U5pAXzwUjfDdECHygUowk9McOzRiRb5Fu+eD3cjgWwyKHOdKOBtBOcgwrr5JW9GombdBI+ImcELmFOFp7jy7HWNQsbUz1V2OVU6IXLF5nMkrzB6lms+LVhfYW2I08LNJ4Skh8glh06Jv7gsrVDd83S0oZHEyUNfglR4xtCwCGwK3sG/sdXTy5J/97cPyX8RgUsY3l5o5wVBq3ueIx7VhkUi7z1SkIiy/J5dGNZP7in93z4aVesIb5K2eTVDz/NZxjMnvN0UnkimCuYxir4bzgglP860ayzUbel/2KQSVH4rn\n",
                "username": "runner-admin"
              }
            ],
            "admin_username": "runner-admin",
            "allow_extension_operations": true,
            "availability_set_id": "",
            "boot_diagnostics": [
              {
                "storage_account_uri": "https://saauedevliquibasepoc.blob.core.windows.net/"
              }
            ],
            "computer_name": "vmauedevliquibasepoc",
            "custom_data": "I2Nsb3VkLWNvbmZpZwpydW5jbWQ6Ci0gW21rZGlyLCAnL2FjdGlvbnMtcnVubmVyJ10KLSBjZCAvYWN0aW9ucy1ydW5uZXIKLSBbY3VybCwgLW8sICdhY3Rpb25zLXJ1bm5lci50YXIuZ3onLCAtTCwgJ2h0dHBzOi8vZ2l0aHViLmNvbS9hY3Rpb25zL3J1bm5lci9yZWxlYXNlcy9kb3dubG9hZC92Mi4yODAuMy9hY3Rpb25zLXJ1bm5lci1saW51eC14NjQtMi4yODAuMy50YXIuZ3onXQotIFt0YXIsIC14emYsICdhY3Rpb25zLXJ1bm5lci50YXIuZ3onXQotIFtjaG1vZCwgLVIsIDc3NywgJy9hY3Rpb25zLXJ1bm5lciddCi0gW3N1LCBydW5uZXItYWRtaW4sIC1jLCAnL2FjdGlvbnMtcnVubmVyL2NvbmZpZy5zaCAtLXVybCBodHRwczovL2dpdGh1Yi5jb20vYXRsYXNwZW5kbyAtLXRva2VuIEFXNlI3UlE1SEJCSEFON05TVFdEV1lERUxUM1JTIC0tcnVubmVyZ3JvdXAgbGlxdWliYXNlLXBvYyddCi0gLi9zdmMuc2ggaW5zdGFsbAotIC4vc3ZjLnNoIHN0YXJ0Ci0gW3JtLCAnL2FjdGlvbnMtcnVubmVyL2FjdGlvbnMtcnVubmVyLnRhci5neiddCg==",
            "dedicated_host_group_id": "",
            "dedicated_host_id": "",
            "disable_password_authentication": true,
            "encryption_at_host_enabled": false,
            "eviction_policy": "",
            "extensions_time_budget": "PT1H30M",
            "id": "/subscriptions/7ab6138d-2359-4618-b841-5457bfe516b5/resourceGroups/rg-aue-dev-liquibase-poc/providers/Microsoft.Compute/virtualMachines/vmauedevliquibasepoc",
            "identity": [],
            "license_type": "",
            "location": "australiaeast",
            "max_bid_price": -1,
            "name": "vmauedevliquibasepoc",
            "network_interface_ids": [
              "/subscriptions/7ab6138d-2359-4618-b841-5457bfe516b5/resourceGroups/rg-aue-dev-liquibase-poc/providers/Microsoft.Network/networkInterfaces/ni-aue-dev-liquibase-poc"
            ],
            "os_disk": [
              {
                "caching": "None",
                "diff_disk_settings": [],
                "disk_encryption_set_id": "",
                "disk_size_gb": 30,
                "name": "vmauedevliquibasepoc_disk1_cab44f3598164ff68b68a651fc12a446",
                "storage_account_type": "Standard_LRS",
                "write_accelerator_enabled": false
              }
            ],
            "patch_mode": "ImageDefault",
            "plan": [],
            "platform_fault_domain": -1,
            "priority": "Regular",
            "private_ip_address": "10.0.0.4",
            "private_ip_addresses": [
              "10.0.0.4"
            ],
            "provision_vm_agent": true,
            "proximity_placement_group_id": "",
            "public_ip_address": "",
            "public_ip_addresses": [],
            "resource_group_name": "rg-aue-dev-liquibase-poc",
            "secret": [],
            "secure_boot_enabled": false,
            "size": "Standard_DS1_v2",
            "source_image_id": "",
            "source_image_reference": [
              {
                "offer": "UbuntuServer",
                "publisher": "Canonical",
                "sku": "18.04-LTS",
                "version": "latest"
              }
            ],
            "tags": null,
            "timeouts": null,
            "user_data": "",
            "virtual_machine_id": "8dc0473c-dc39-4335-ba44-b8e3411f1963",
            "virtual_machine_scale_set_id": "",
            "vtpm_enabled": false,
            "zone": ""
          },
          "sensitive_attributes": [],
          "private": "eyJlMmJmYjczMC1lY2FhLTExZTYtOGY4OC0zNDM2M2JjN2M0YzAiOnsiY3JlYXRlIjoyNzAwMDAwMDAwMDAwLCJkZWxldGUiOjI3MDAwMDAwMDAwMDAsInJlYWQiOjMwMDAwMDAwMDAwMCwidXBkYXRlIjoyNzAwMDAwMDAwMDAwfX0=",
          "dependencies": [
            "azurerm_network_interface.liquibase",
            "azurerm_resource_group.liquibase",
            "azurerm_storage_account.liquibase",
            "azurerm_subnet.runners",
            "azurerm_virtual_network.liquibase",
            "tls_private_key.liquibase"
          ]
        }
      ]
    },
    {
      "mode": "managed",
      "type": "azurerm_network_interface",
      "name": "liquibase",
      "provider": "provider[\"registry.terraform.io/hashicorp/azurerm\"]",
      "instances": [
        {
          "schema_version": 0,
          "attributes": {
            "applied_dns_servers": [],
            "dns_servers": [],
            "enable_accelerated_networking": false,
            "enable_ip_forwarding": false,
            "id": "/subscriptions/7ab6138d-2359-4618-b841-5457bfe516b5/resourceGroups/rg-aue-dev-liquibase-poc/providers/Microsoft.Network/networkInterfaces/ni-aue-dev-liquibase-poc",
            "internal_dns_name_label": "",
            "internal_domain_name_suffix": "nhor0yh3je5ejkkkjb0zujqfdg.px.internal.cloudapp.net",
            "ip_configuration": [
              {
                "gateway_load_balancer_frontend_ip_configuration_id": "",
                "name": "internal",
                "primary": true,
                "private_ip_address": "10.0.0.4",
                "private_ip_address_allocation": "Dynamic",
                "private_ip_address_version": "IPv4",
                "public_ip_address_id": "",
                "subnet_id": "/subscriptions/7ab6138d-2359-4618-b841-5457bfe516b5/resourceGroups/rg-aue-dev-liquibase-poc/providers/Microsoft.Network/virtualNetworks/vn-aue-dev-liquibase-poc/subnets/sn-aue-dev-liquibase-poc"
              }
            ],
            "location": "australiaeast",
            "mac_address": "",
            "name": "ni-aue-dev-liquibase-poc",
            "private_ip_address": "10.0.0.4",
            "private_ip_addresses": [
              "10.0.0.4"
            ],
            "resource_group_name": "rg-aue-dev-liquibase-poc",
            "tags": null,
            "timeouts": null,
            "virtual_machine_id": ""
          },
          "sensitive_attributes": [],
          "private": "eyJlMmJmYjczMC1lY2FhLTExZTYtOGY4OC0zNDM2M2JjN2M0YzAiOnsiY3JlYXRlIjoxODAwMDAwMDAwMDAwLCJkZWxldGUiOjE4MDAwMDAwMDAwMDAsInJlYWQiOjMwMDAwMDAwMDAwMCwidXBkYXRlIjoxODAwMDAwMDAwMDAwfX0=",
          "dependencies": [
            "azurerm_resource_group.liquibase",
            "azurerm_subnet.runners",
            "azurerm_virtual_network.liquibase"
          ]
        }
      ]
    },
    {
      "mode": "managed",
      "type": "azurerm_resource_group",
      "name": "liquibase",
      "provider": "provider[\"registry.terraform.io/hashicorp/azurerm\"]",
      "instances": [
        {
          "schema_version": 0,
          "attributes": {
            "id": "/subscriptions/7ab6138d-2359-4618-b841-5457bfe516b5/resourceGroups/rg-aue-dev-liquibase-poc",
            "location": "australiaeast",
            "name": "rg-aue-dev-liquibase-poc",
            "tags": null,
            "timeouts": null
          },
          "sensitive_attributes": [],
          "private": "eyJlMmJmYjczMC1lY2FhLTExZTYtOGY4OC0zNDM2M2JjN2M0YzAiOnsiY3JlYXRlIjo1NDAwMDAwMDAwMDAwLCJkZWxldGUiOjU0MDAwMDAwMDAwMDAsInJlYWQiOjMwMDAwMDAwMDAwMCwidXBkYXRlIjo1NDAwMDAwMDAwMDAwfX0="
        }
      ]
    },
    {
      "mode": "managed",
      "type": "azurerm_storage_account",
      "name": "liquibase",
      "provider": "provider[\"registry.terraform.io/hashicorp/azurerm\"]",
      "instances": [
        {
          "schema_version": 2,
          "attributes": {
            "access_tier": "Hot",
            "account_kind": "StorageV2",
            "account_replication_type": "LRS",
            "account_tier": "Standard",
            "allow_blob_public_access": false,
            "azure_files_authentication": [],
            "blob_properties": [
              {
                "change_feed_enabled": false,
                "container_delete_retention_policy": [],
                "cors_rule": [],
                "default_service_version": "",
                "delete_retention_policy": [],
                "last_access_time_enabled": false,
                "versioning_enabled": false
              }
            ],
            "custom_domain": [],
            "customer_managed_key": [],
            "enable_https_traffic_only": true,
            "id": "/subscriptions/7ab6138d-2359-4618-b841-5457bfe516b5/resourceGroups/rg-aue-dev-liquibase-poc/providers/Microsoft.Storage/storageAccounts/saauedevliquibasepoc",
            "identity": [],
            "infrastructure_encryption_enabled": false,
            "is_hns_enabled": false,
            "large_file_share_enabled": null,
            "location": "australiaeast",
            "min_tls_version": "TLS1_0",
            "name": "saauedevliquibasepoc",
            "network_rules": [
              {
                "bypass": [
                  "AzureServices"
                ],
                "default_action": "Allow",
                "ip_rules": [],
                "private_link_access": [],
                "virtual_network_subnet_ids": []
              }
            ],
            "nfsv3_enabled": false,
            "primary_access_key": "kEUtXHVJmr/gDLuKxcTVcfGTmCSIB8si35gWuN+TEvzf9ciRxm2Ma+e0wOCo15hfAX8qnAYKK7Ts+AStK0+I8Q==",
            "primary_blob_connection_string": "DefaultEndpointsProtocol=https;BlobEndpoint=https://saauedevliquibasepoc.blob.core.windows.net/;AccountName=saauedevliquibasepoc;AccountKey=kEUtXHVJmr/gDLuKxcTVcfGTmCSIB8si35gWuN+TEvzf9ciRxm2Ma+e0wOCo15hfAX8qnAYKK7Ts+AStK0+I8Q==",
            "primary_blob_endpoint": "https://saauedevliquibasepoc.blob.core.windows.net/",
            "primary_blob_host": "saauedevliquibasepoc.blob.core.windows.net",
            "primary_connection_string": "DefaultEndpointsProtocol=https;AccountName=saauedevliquibasepoc;AccountKey=kEUtXHVJmr/gDLuKxcTVcfGTmCSIB8si35gWuN+TEvzf9ciRxm2Ma+e0wOCo15hfAX8qnAYKK7Ts+AStK0+I8Q==;EndpointSuffix=core.windows.net",
            "primary_dfs_endpoint": "https://saauedevliquibasepoc.dfs.core.windows.net/",
            "primary_dfs_host": "saauedevliquibasepoc.dfs.core.windows.net",
            "primary_file_endpoint": "https://saauedevliquibasepoc.file.core.windows.net/",
            "primary_file_host": "saauedevliquibasepoc.file.core.windows.net",
            "primary_location": "australiaeast",
            "primary_queue_endpoint": "https://saauedevliquibasepoc.queue.core.windows.net/",
            "primary_queue_host": "saauedevliquibasepoc.queue.core.windows.net",
            "primary_table_endpoint": "https://saauedevliquibasepoc.table.core.windows.net/",
            "primary_table_host": "saauedevliquibasepoc.table.core.windows.net",
            "primary_web_endpoint": "https://saauedevliquibasepoc.z8.web.core.windows.net/",
            "primary_web_host": "saauedevliquibasepoc.z8.web.core.windows.net",
            "queue_encryption_key_type": "Service",
            "queue_properties": [
              {
                "cors_rule": [],
                "hour_metrics": [
                  {
                    "enabled": true,
                    "include_apis": true,
                    "retention_policy_days": 7,
                    "version": "1.0"
                  }
                ],
                "logging": [
                  {
                    "delete": false,
                    "read": false,
                    "retention_policy_days": 0,
                    "version": "1.0",
                    "write": false
                  }
                ],
                "minute_metrics": [
                  {
                    "enabled": false,
                    "include_apis": false,
                    "retention_policy_days": 0,
                    "version": "1.0"
                  }
                ]
              }
            ],
            "resource_group_name": "rg-aue-dev-liquibase-poc",
            "routing": [],
            "secondary_access_key": "sR7AslyqFu0G4X+wE7iRkdjw3Z7q1+nrtJy4sYDtz2quSTK/1H5FY7nL1Akg46dv5kNKUAp6dVeH+ASt9b2UGA==",
            "secondary_blob_connection_string": "",
            "secondary_blob_endpoint": null,
            "secondary_blob_host": null,
            "secondary_connection_string": "DefaultEndpointsProtocol=https;AccountName=saauedevliquibasepoc;AccountKey=sR7AslyqFu0G4X+wE7iRkdjw3Z7q1+nrtJy4sYDtz2quSTK/1H5FY7nL1Akg46dv5kNKUAp6dVeH+ASt9b2UGA==;EndpointSuffix=core.windows.net",
            "secondary_dfs_endpoint": null,
            "secondary_dfs_host": null,
            "secondary_file_endpoint": null,
            "secondary_file_host": null,
            "secondary_location": "",
            "secondary_queue_endpoint": null,
            "secondary_queue_host": null,
            "secondary_table_endpoint": null,
            "secondary_table_host": null,
            "secondary_web_endpoint": null,
            "secondary_web_host": null,
            "share_properties": [
              {
                "cors_rule": [],
                "retention_policy": [
                  {
                    "days": 7
                  }
                ],
                "smb": []
              }
            ],
            "shared_access_key_enabled": true,
            "static_website": [],
            "table_encryption_key_type": "Service",
            "tags": null,
            "timeouts": null
          },
          "sensitive_attributes": [],
          "private": "eyJlMmJmYjczMC1lY2FhLTExZTYtOGY4OC0zNDM2M2JjN2M0YzAiOnsiY3JlYXRlIjozNjAwMDAwMDAwMDAwLCJkZWxldGUiOjM2MDAwMDAwMDAwMDAsInJlYWQiOjMwMDAwMDAwMDAwMCwidXBkYXRlIjozNjAwMDAwMDAwMDAwfSwic2NoZW1hX3ZlcnNpb24iOiIyIn0=",
          "dependencies": [
            "azurerm_resource_group.liquibase"
          ]
        }
      ]
    },
    {
      "mode": "managed",
      "type": "azurerm_subnet",
      "name": "runners",
      "provider": "provider[\"registry.terraform.io/hashicorp/azurerm\"]",
      "instances": [
        {
          "schema_version": 0,
          "attributes": {
            "address_prefix": "10.0.0.0/24",
            "address_prefixes": [
              "10.0.0.0/24"
            ],
            "delegation": [],
            "enforce_private_link_endpoint_network_policies": false,
            "enforce_private_link_service_network_policies": false,
            "id": "/subscriptions/7ab6138d-2359-4618-b841-5457bfe516b5/resourceGroups/rg-aue-dev-liquibase-poc/providers/Microsoft.Network/virtualNetworks/vn-aue-dev-liquibase-poc/subnets/sn-aue-dev-liquibase-poc",
            "name": "sn-aue-dev-liquibase-poc",
            "resource_group_name": "rg-aue-dev-liquibase-poc",
            "service_endpoint_policy_ids": null,
            "service_endpoints": null,
            "timeouts": null,
            "virtual_network_name": "vn-aue-dev-liquibase-poc"
          },
          "sensitive_attributes": [],
          "private": "eyJlMmJmYjczMC1lY2FhLTExZTYtOGY4OC0zNDM2M2JjN2M0YzAiOnsiY3JlYXRlIjoxODAwMDAwMDAwMDAwLCJkZWxldGUiOjE4MDAwMDAwMDAwMDAsInJlYWQiOjMwMDAwMDAwMDAwMCwidXBkYXRlIjoxODAwMDAwMDAwMDAwfX0=",
          "dependencies": [
            "azurerm_resource_group.liquibase",
            "azurerm_virtual_network.liquibase"
          ]
        }
      ]
    },
    {
      "mode": "managed",
      "type": "azurerm_virtual_network",
      "name": "liquibase",
      "provider": "provider[\"registry.terraform.io/hashicorp/azurerm\"]",
      "instances": [
        {
          "schema_version": 0,
          "attributes": {
            "address_space": [
              "10.0.0.0/24"
            ],
            "bgp_community": "",
            "ddos_protection_plan": [],
            "dns_servers": [],
            "flow_timeout_in_minutes": 0,
            "guid": "601ddd69-49fd-443e-a94a-48759a26051e",
            "id": "/subscriptions/7ab6138d-2359-4618-b841-5457bfe516b5/resourceGroups/rg-aue-dev-liquibase-poc/providers/Microsoft.Network/virtualNetworks/vn-aue-dev-liquibase-poc",
            "location": "australiaeast",
            "name": "vn-aue-dev-liquibase-poc",
            "resource_group_name": "rg-aue-dev-liquibase-poc",
            "subnet": [],
            "tags": null,
            "timeouts": null,
            "vm_protection_enabled": false
          },
          "sensitive_attributes": [],
          "private": "eyJlMmJmYjczMC1lY2FhLTExZTYtOGY4OC0zNDM2M2JjN2M0YzAiOnsiY3JlYXRlIjoxODAwMDAwMDAwMDAwLCJkZWxldGUiOjE4MDAwMDAwMDAwMDAsInJlYWQiOjMwMDAwMDAwMDAwMCwidXBkYXRlIjoxODAwMDAwMDAwMDAwfX0=",
          "dependencies": [
            "azurerm_resource_group.liquibase"
          ]
        }
      ]
    },
    {
      "mode": "managed",
      "type": "tls_private_key",
      "name": "liquibase",
      "provider": "provider[\"registry.terraform.io/hashicorp/tls\"]",
      "instances": [
        {
          "schema_version": 0,
          "attributes": {
            "algorithm": "RSA",
            "ecdsa_curve": "P224",
            "id": "035d4c1a44a5fa9116ae983525869d44037b18ea",
            "private_key_openssh": "-----BEGIN OPENSSH PRIVATE KEY-----\nb3BlbnNzaC1rZXktdjEAAAAABG5vbmUAAAAEbm9uZQAAAAAAAAABAAABFwAAAAdz\nc2gtcnNhAAAAAwEAAQAAAQEAwa2WXPOUCDhCTC0kjTJrzdDnVOWJRI3uuy/RT1U0\nelOaQF88FI3w3RAh8oFKMJPTHDs0YkW+Rbvng93I4FsMihznSjgbQTnIMK6+SVvR\nqJm3QSPiJnBC5hThae48ux1jULG1M9VdjlVOiFyxeZzJK8wepZrPi1YX2FtiNPCz\nSeEpIfIJYdOib+4LK1Q3fN0tKGRxMlDX4JUeMbQsAhsCt7Bv7HV08uSf/e3D8l/E\nYFLGN5eaOcFQat7niMe1YZFIu89UpCIsvyeXRjWT+4p/d8+GlXrCG+Stnk1Q8/zW\ncYzJ7zdFJ5IpgrmMYq+G84IJT/OtGss1G3pf9ikElR+K5wAAA7iguA2aoLgNmgAA\nAAdzc2gtcnNhAAABAQDBrZZc85QIOEJMLSSNMmvN0OdU5YlEje67L9FPVTR6U5pA\nXzwUjfDdECHygUowk9McOzRiRb5Fu+eD3cjgWwyKHOdKOBtBOcgwrr5JW9GombdB\nI+ImcELmFOFp7jy7HWNQsbUz1V2OVU6IXLF5nMkrzB6lms+LVhfYW2I08LNJ4Skh\n8glh06Jv7gsrVDd83S0oZHEyUNfglR4xtCwCGwK3sG/sdXTy5J/97cPyX8RgUsY3\nl5o5wVBq3ueIx7VhkUi7z1SkIiy/J5dGNZP7in93z4aVesIb5K2eTVDz/NZxjMnv\nN0UnkimCuYxir4bzgglP860ayzUbel/2KQSVH4rnAAAAAwEAAQAAAQBKDLV9qn+B\nuQjYGTZtaca/9UxNMEmQVXfeR8UOQPSEhKxoSkEtVqutybpA/t+/vPUtSRGZNTMv\ndE1rJIPmC8m6kJx5ywPYp1/8BQOqBpodjU/8btzLd4aMc5VPrA+6Nt0/AALY444W\nmlUhW9dbOO/NeAiLpqoNiwgo55+fwBu8ddi/7I6zca8M5Z6cmuCOxM0qYwNsV+Gj\nSLhd3qT47UOiHQCHZeEIlF2yMEFBrvI7gja80kknEvOHd0SZRl8CzU5dUIcgnyFR\nOG8Sg6HG0T6NAIMDP18f7gevs91tMafNbSGJIns9wfMkpvsfGidL2FDZBcYKvk02\n7exttmBcb53pAAAAgEthjKzqfaWA7BJBaiKEjDbV5QgVMw6qpPkxFnltwWzu6osw\n99V3rfF9zcrbjTUgy/EQ3BU/hV77xcltWki/Q/JTiMiZ5M05WoJZ/5gu0BRLQIUG\nqD+V4si60YuxZXRxPfZgQaP+d7vJzSG4d7blo93CY8KrErlVir08E2SyVhimAAAA\ngQDeuFdHzXkSp3d9Y/jo53M5BJUWavF6UOiRHyfDf2OygcvJfqjuOZL1BGciUKKT\nfLSrfYC18fnxsgfvcMuoh5E7gk5Dr5ixfTbqsPRGTKaU03iVqHx9vN2eFWq1u10W\nEFiIAjOnzDcJKOHK+wi/+oBYHDiA0HWdsFbu3nGX2K/3ewAAAIEA3p5PMn6ZNJfQ\nhFYRn1cRYCDoF1hLGx7L0/XMbYAwq/5ZQczsKboM7/EoryjKpbEsVCJcYtIh4kSg\nc72t7itFVvPGuB6TfpWrKB0er6/7t71j7SiDB4R1wzqWxDMlpDYe918vhbFJZsIi\nN5dEy4JIQHzoNSSZvMIaBK/YYhJeaIUAAAAAAQID\n-----END OPENSSH PRIVATE KEY-----\n",
            "private_key_pem": "-----BEGIN RSA PRIVATE KEY-----\nMIIEogIBAAKCAQEAwa2WXPOUCDhCTC0kjTJrzdDnVOWJRI3uuy/RT1U0elOaQF88\nFI3w3RAh8oFKMJPTHDs0YkW+Rbvng93I4FsMihznSjgbQTnIMK6+SVvRqJm3QSPi\nJnBC5hThae48ux1jULG1M9VdjlVOiFyxeZzJK8wepZrPi1YX2FtiNPCzSeEpIfIJ\nYdOib+4LK1Q3fN0tKGRxMlDX4JUeMbQsAhsCt7Bv7HV08uSf/e3D8l/EYFLGN5ea\nOcFQat7niMe1YZFIu89UpCIsvyeXRjWT+4p/d8+GlXrCG+Stnk1Q8/zWcYzJ7zdF\nJ5IpgrmMYq+G84IJT/OtGss1G3pf9ikElR+K5wIDAQABAoIBAEoMtX2qf4G5CNgZ\nNm1pxr/1TE0wSZBVd95HxQ5A9ISErGhKQS1Wq63JukD+37+89S1JEZk1My90TWsk\ng+YLybqQnHnLA9inX/wFA6oGmh2NT/xu3Mt3hoxzlU+sD7o23T8AAtjjjhaaVSFb\n11s47814CIumqg2LCCjnn5/AG7x12L/sjrNxrwzlnpya4I7EzSpjA2xX4aNIuF3e\npPjtQ6IdAIdl4QiUXbIwQUGu8juCNrzSSScS84d3RJlGXwLNTl1QhyCfIVE4bxKD\nocbRPo0AgwM/Xx/uB6+z3W0xp81tIYkiez3B8ySm+x8aJ0vYUNkFxgq+TTbt7G22\nYFxvnekCgYEA3rhXR815Eqd3fWP46OdzOQSVFmrxelDokR8nw39jsoHLyX6o7jmS\n9QRnIlCik3y0q32AtfH58bIH73DLqIeRO4JOQ6+YsX026rD0RkymlNN4lah8fbzd\nnhVqtbtdFhBYiAIzp8w3CSjhyvsIv/qAWBw4gNB1nbBW7t5xl9iv93sCgYEA3p5P\nMn6ZNJfQhFYRn1cRYCDoF1hLGx7L0/XMbYAwq/5ZQczsKboM7/EoryjKpbEsVCJc\nYtIh4kSgc72t7itFVvPGuB6TfpWrKB0er6/7t71j7SiDB4R1wzqWxDMlpDYe918v\nhbFJZsIiN5dEy4JIQHzoNSSZvMIaBK/YYhJeaIUCgYAb1TGjGXxt5lu6YcnzYSk3\nEOmIuaifvoixyhDwD3VoE2xiK9/0lWFWGUzCLw2CHO1/GNoC4tB3ceYn+BKbZwWx\nSCF7t+//DkTUo3SDbITMyHijS0Dzfay8WrTRLS7+2OAXbx8BczXVgTRmZ2S6iRWM\n7UnqXyKzqBvVEhtj/IJRDQKBgFxvR1skDeE0mDQauL58nI5Zm4T1+FmOc/vSt8tP\nyuXfephDyluZEP4gGFCCk4IxCsL0cX/m2ILnE+h6/dlCxkvQdNbGe1+4LZU+Yht4\n6v/j97XleGKKsYsarLdStXJ1tm3obAcLEftE6IhEmyAVPILqWlCWne8ueTcw/Jvc\nHK8xAoGAS2GMrOp9pYDsEkFqIoSMNtXlCBUzDqqk+TEWeW3BbO7qizD31Xet8X3N\nytuNNSDL8RDcFT+FXvvFyW1aSL9D8lOIyJnkzTlagln/mC7QFEtAhQaoP5XiyLrR\ni7FldHE99mBBo/53u8nNIbh3tuWj3cJjwqsSuVWKvTwTZLJWGKY=\n-----END RSA PRIVATE KEY-----\n",
            "public_key_fingerprint_md5": "3f:d3:fb:1f:30:cc:14:4f:55:dd:6b:80:39:0c:cd:b8",
            "public_key_fingerprint_sha256": "SHA256:xynGdacI2ZOtd9DQA/wEApVGKA8u/HFPR8/H+hFuYa8",
            "public_key_openssh": "ssh-rsa AAAAB3NzaC1yc2EAAAADAQABAAABAQDBrZZc85QIOEJMLSSNMmvN0OdU5YlEje67L9FPVTR6U5pAXzwUjfDdECHygUowk9McOzRiRb5Fu+eD3cjgWwyKHOdKOBtBOcgwrr5JW9GombdBI+ImcELmFOFp7jy7HWNQsbUz1V2OVU6IXLF5nMkrzB6lms+LVhfYW2I08LNJ4Skh8glh06Jv7gsrVDd83S0oZHEyUNfglR4xtCwCGwK3sG/sdXTy5J/97cPyX8RgUsY3l5o5wVBq3ueIx7VhkUi7z1SkIiy/J5dGNZP7in93z4aVesIb5K2eTVDz/NZxjMnvN0UnkimCuYxir4bzgglP860ayzUbel/2KQSVH4rn\n",
            "public_key_pem": "-----BEGIN PUBLIC KEY-----\nMIIBIjANBgkqhkiG9w0BAQEFAAOCAQ8AMIIBCgKCAQEAwa2WXPOUCDhCTC0kjTJr\nzdDnVOWJRI3uuy/RT1U0elOaQF88FI3w3RAh8oFKMJPTHDs0YkW+Rbvng93I4FsM\nihznSjgbQTnIMK6+SVvRqJm3QSPiJnBC5hThae48ux1jULG1M9VdjlVOiFyxeZzJ\nK8wepZrPi1YX2FtiNPCzSeEpIfIJYdOib+4LK1Q3fN0tKGRxMlDX4JUeMbQsAhsC\nt7Bv7HV08uSf/e3D8l/EYFLGN5eaOcFQat7niMe1YZFIu89UpCIsvyeXRjWT+4p/\nd8+GlXrCG+Stnk1Q8/zWcYzJ7zdFJ5IpgrmMYq+G84IJT/OtGss1G3pf9ikElR+K\n5wIDAQAB\n-----END PUBLIC KEY-----\n",
            "rsa_bits": 2048
          },
          "sensitive_attributes": [],
          "private": "bnVsbA=="
        }
      ]
    }
  ],
  "check_results": null
}
